{
  "name": "todos",
  "lockfileVersion": 3,
  "requires": true,
  "packages": {
    "": {
      "dependencies": {
        "fa-icons": "^0.2.0",
        "react-icons": "^4.12.0"
      }
    },
    "node_modules/@fortawesome/fontawesome-free": {
      "version": "5.15.4",
      "resolved": "https://registry.npmjs.org/@fortawesome/fontawesome-free/-/fontawesome-free-5.15.4.tgz",
      "integrity": "sha512-eYm8vijH/hpzr/6/1CJ/V/Eb1xQFW2nnUKArb3z+yUWv7HTwj6M7SP957oMjfZjAHU6qpoNc2wQvIxBLWYa/Jg==",
      "hasInstallScript": true,
      "engines": {
        "node": ">=6"
      }
    },
    "node_modules/fa-icons": {
      "version": "0.2.0",
      "resolved": "https://registry.npmjs.org/fa-icons/-/fa-icons-0.2.0.tgz",
      "integrity": "sha512-HxGOWM8gpYiilRnsOykLNyt65aC+pmJ2ulxGaWvDRsLWU9DzvN8zNoz6EIlRKJ7ytvvqpOORhxIYRndaKn36nA==",
      "dependencies": {
        "@fortawesome/fontawesome-free": "^5.12.1",
        "lit-element": "^2.2.1"
      }
    },
    "node_modules/js-tokens": {
      "version": "4.0.0",
      "resolved": "https://registry.npmjs.org/js-tokens/-/js-tokens-4.0.0.tgz",
      "integrity": "sha512-RdJUflcE3cUzKiMqQgsCu06FPu9UdIJO0beYbPhHN4k6apgJtifcoCtT9bcxOpYBtpD2kCM6Sbzg4CausW/PKQ==",
      "peer": true
    },
    "node_modules/lit-element": {
      "version": "2.5.1",
      "resolved": "https://registry.npmjs.org/lit-element/-/lit-element-2.5.1.tgz",
      "integrity": "sha512-ogu7PiJTA33bEK0xGu1dmaX5vhcRjBXCFexPja0e7P7jqLhTpNKYRPmE+GmiCaRVAbiQKGkUgkh/i6+bh++dPQ==",
      "dependencies": {
        "lit-html": "^1.1.1"
      }
    },
    "node_modules/lit-html": {
      "version": "1.4.1",
      "resolved": "https://registry.npmjs.org/lit-html/-/lit-html-1.4.1.tgz",
      "integrity": "sha512-B9btcSgPYb1q4oSOb/PrOT6Z/H+r6xuNzfH4lFli/AWhYwdtrgQkQWBbIc6mdnf6E2IL3gDXdkkqNktpU0OZQA=="
    },
    "node_modules/loose-envify": {
      "version": "1.4.0",
      "resolved": "https://registry.npmjs.org/loose-envify/-/loose-envify-1.4.0.tgz",
      "integrity": "sha512-lyuxPGr/Wfhrlem2CL/UcnUc1zcqKAImBDzukY7Y5F/yQiNdko6+fRLevlw1HgMySw7f611UIY408EtxRSoK3Q==",
      "peer": true,
      "dependencies": {
        "js-tokens": "^3.0.0 || ^4.0.0"
      },
      "bin": {
        "loose-envify": "cli.js"
      }
    },
    "node_modules/react": {
      "version": "18.2.0",
      "resolved": "https://registry.npmjs.org/react/-/react-18.2.0.tgz",
      "integrity": "sha512-/3IjMdb2L9QbBdWiW5e3P2/npwMBaU9mHCSCUzNln0ZCYbcfTsGbTJrU/kGemdH2IWmB2ioZ+zkxtmq6g09fGQ==",
      "peer": true,
      "dependencies": {
        "loose-envify": "^1.1.0"
      },
      "engines": {
        "node": ">=0.10.0"
      }
    },
    "node_modules/react-icons": {
      "version": "4.12.0",
      "resolved": "https://registry.npmjs.org/react-icons/-/react-icons-4.12.0.tgz",
      "integrity": "sha512-IBaDuHiShdZqmfc/TwHu6+d6k2ltNCf3AszxNmjJc1KUfXdEeRJOKyNvLmAHaarhzGmTSVygNdyu8/opXv2gaw==",
      "peerDependencies": {
        "react": "*"
      }
    }
  }
}
